
Microsoft Visual Studio Solution File, Format Version 12.00
# Visual Studio Version 17
VisualStudioVersion = 17.2.33214.139
MinimumVisualStudioVersion = 10.0.40219.1
Project("{FAE04EC0-301F-11D3-BF4B-00C04F79EFBC}") = "DemoProj.Server", "Server\DemoProj.Server.csproj", "{CE490E21-9E72-4D04-A837-44F87141AC72}"
EndProject
Project("{FAE04EC0-301F-11D3-BF4B-00C04F79EFBC}") = "DemoProj.Client", "Client\DemoProj.Client.csproj", "{FEE96BB6-AAB8-4C63-91A7-8737428E9431}"
EndProject
Project("{FAE04EC0-301F-11D3-BF4B-00C04F79EFBC}") = "DemoProj.Shared", "Shared\DemoProj.Shared.csproj", "{0E43DDD7-3880-4A8C-9AAB-D4A36AAA19C3}"
EndProject
Global
	GlobalSection(SolutionConfigurationPlatforms) = preSolution
		Debug|Any CPU = Debug|Any CPU
		Release|Any CPU = Release|Any CPU
	EndGlobalSection
	GlobalSection(ProjectConfigurationPlatforms) = postSolution
		{CE490E21-9E72-4D04-A837-44F87141AC72}.Debug|Any CPU.ActiveCfg = Debug|Any CPU
		{CE490E21-9E72-4D04-A837-44F87141AC72}.Debug|Any CPU.Build.0 = Debug|Any CPU
		{CE490E21-9E72-4D04-A837-44F87141AC72}.Release|Any CPU.ActiveCfg = Release|Any CPU
		{CE490E21-9E72-4D04-A837-44F87141AC72}.Release|Any CPU.Build.0 = Release|Any CPU
		{FEE96BB6-AAB8-4C63-91A7-8737428E9431}.Debug|Any CPU.ActiveCfg = Debug|Any CPU
		{FEE96BB6-AAB8-4C63-91A7-8737428E9431}.Debug|Any CPU.Build.0 = Debug|Any CPU
		{FEE96BB6-AAB8-4C63-91A7-8737428E9431}.Release|Any CPU.ActiveCfg = Release|Any CPU
		{FEE96BB6-AAB8-4C63-91A7-8737428E9431}.Release|Any CPU.Build.0 = Release|Any CPU
		{0E43DDD7-3880-4A8C-9AAB-D4A36AAA19C3}.Debug|Any CPU.ActiveCfg = Debug|Any CPU
		{0E43DDD7-3880-4A8C-9AAB-D4A36AAA19C3}.Debug|Any CPU.Build.0 = Debug|Any CPU
		{0E43DDD7-3880-4A8C-9AAB-D4A36AAA19C3}.Release|Any CPU.ActiveCfg = Release|Any CPU
		{0E43DDD7-3880-4A8C-9AAB-D4A36AAA19C3}.Release|Any CPU.Build.0 = Release|Any CPU
	EndGlobalSection
	GlobalSection(SolutionProperties) = preSolution
		HideSolutionNode = FALSE
	EndGlobalSection
	GlobalSection(ExtensibilityGlobals) = postSolution
		SolutionGuid = {96878930-36DF-4964-A36B-E8FE17477BC9}
	EndGlobalSection
EndGlobal
